// !$*UTF8*$!
{
	archiveVersion = 1;
	classes = {
	};
	objectVersion = 50;
	objects = {

/* Begin PBXBuildFile section */
		939E53DE264700A500AB7C92 /* AppDelegate.swift in Sources */ = {isa = PBXBuildFile; fileRef = 939E53DD264700A500AB7C92 /* AppDelegate.swift */; };
		939E53E0264700A500AB7C92 /* SceneDelegate.swift in Sources */ = {isa = PBXBuildFile; fileRef = 939E53DF264700A500AB7C92 /* SceneDelegate.swift */; };
		939E53E2264700A500AB7C92 /* ContentView.swift in Sources */ = {isa = PBXBuildFile; fileRef = 939E53E1264700A500AB7C92 /* ContentView.swift */; };
		939E53E4264700AA00AB7C92 /* Assets.xcassets in Resources */ = {isa = PBXBuildFile; fileRef = 939E53E3264700AA00AB7C92 /* Assets.xcassets */; };
		939E53E7264700AA00AB7C92 /* Preview Assets.xcassets in Resources */ = {isa = PBXBuildFile; fileRef = 939E53E6264700AA00AB7C92 /* Preview Assets.xcassets */; };
		939E53EA264700AA00AB7C92 /* LaunchScreen.storyboard in Resources */ = {isa = PBXBuildFile; fileRef = 939E53E8264700AA00AB7C92 /* LaunchScreen.storyboard */; };
/* End PBXBuildFile section */

/* Begin PBXFileReference section */
		939E53DA264700A500AB7C92 /* El_Frasco_De_Galletas.app */ = {isa = PBXFileReference; explicitFileType = wrapper.application; includeInIndex = 0; path = El_Frasco_De_Galletas.app; sourceTree = BUILT_PRODUCTS_DIR; };
		939E53DD264700A500AB7C92 /* AppDelegate.swift */ = {isa = PBXFileReference; lastKnownFileType = sourcecode.swift; path = AppDelegate.swift; sourceTree = "<group>"; };
		939E53DF264700A500AB7C92 /* SceneDelegate.swift */ = {isa = PBXFileReference; lastKnownFileType = sourcecode.swift; path = SceneDelegate.swift; sourceTree = "<group>"; };
		939E53E1264700A500AB7C92 /* ContentView.swift */ = {isa = PBXFileReference; lastKnownFileType = sourcecode.swift; path = ContentView.swift; sourceTree = "<group>"; };
		939E53E3264700AA00AB7C92 /* Assets.xcassets */ = {isa = PBXFileReference; lastKnownFileType = folder.assetcatalog; path = Assets.xcassets; sourceTree = "<group>"; };
		939E53E6264700AA00AB7C92 /* Preview Assets.xcassets */ = {isa = PBXFileReference; lastKnownFileType = folder.assetcatalog; path = "Preview Assets.xcassets"; sourceTree = "<group>"; };
		939E53E9264700AA00AB7C92 /* Base */ = {isa = PBXFileReference; lastKnownFileType = file.storyboard; name = Base; path = Base.lproj/LaunchScreen.storyboard; sourceTree = "<group>"; };
		939E53EB264700AA00AB7C92 /* Info.plist */ = {isa = PBXFileReference; lastKnownFileType = text.plist.xml; path = Info.plist; sourceTree = "<group>"; };
/* End PBXFileReference section */

/* Begin PBXFrameworksBuildPhase section */
		939E53D7264700A500AB7C92 /* Frameworks */ = {
			isa = PBXFrameworksBuildPhase;
			buildActionMask = 2147483647;
			files = (
			);
			runOnlyForDeploymentPostprocessing = 0;
		};
/* End PBXFrameworksBuildPhase section */

/* Begin PBXGroup section */
		939E53D1264700A500AB7C92 = {
			isa = PBXGroup;
			children = (
				939E53DC264700A500AB7C92 /* El_Frasco_De_Galletas */,
				939E53DB264700A500AB7C92 /* Products */,
			);
			sourceTree = "<group>";
		};
		939E53DB264700A500AB7C92 /* Products */ = {
			isa = PBXGroup;
			children = (
				939E53DA264700A500AB7C92 /* El_Frasco_De_Galletas.app */,
			);
			name = Products;
			sourceTree = "<group>";
		};
		939E53DC264700A500AB7C92 /* El_Frasco_De_Galletas */ = {
			isa = PBXGroup;
			children = (
				939E53DD264700A500AB7C92 /* AppDelegate.swift */,
				939E53DF264700A500AB7C92 /* SceneDelegate.swift */,
				939E53E1264700A500AB7C92 /* ContentView.swift */,
				939E53E3264700AA00AB7C92 /* Assets.xcassets */,
				939E53E8264700AA00AB7C92 /* LaunchScreen.storyboard */,
				939E53EB264700AA00AB7C92 /* Info.plist */,
				939E53E5264700AA00AB7C92 /* Preview Content */,
			);
			path = El_Frasco_De_Galletas;
			sourceTree = "<group>";
		};
		939E53E5264700AA00AB7C92 /* Preview Content */ = {
			isa = PBXGroup;
			children = (
				939E53E6264700AA00AB7C92 /* Preview Assets.xcassets */,
			);
			path = "Preview Content";
			sourceTree = "<group>";
		};
/* End PBXGroup section */

/* Begin PBXNativeTarget section */
		939E53D9264700A500AB7C92 /* El_Frasco_De_Galletas */ = {
			isa = PBXNativeTarget;
			buildConfigurationList = 939E53EE264700AA00AB7C92 /* Build configuration list for PBXNativeTarget "El_Frasco_De_Galletas" */;
			buildPhases = (
				939E53D6264700A500AB7C92 /* Sources */,
				939E53D7264700A500AB7C92 /* Frameworks */,
				939E53D8264700A500AB7C92 /* Resources */,
			);
			buildRules = (
			);
			dependencies = (
			);
			name = El_Frasco_De_Galletas;
			productName = El_Frasco_De_Galletas;
			productReference = 939E53DA264700A500AB7C92 /* El_Frasco_De_Galletas.app */;
			productType = "com.apple.product-type.application";
		};
/* End PBXNativeTarget section */

/* Begin PBXProject section */
		939E53D2264700A500AB7C92 /* Project object */ = {
			isa = PBXProject;
			attributes = {
				LastSwiftUpdateCheck = 1130;
				LastUpgradeCheck = 1130;
				ORGANIZATIONNAME = "Tomas De Hoyos Robles ";
				TargetAttributes = {
					939E53D9264700A500AB7C92 = {
						CreatedOnToolsVersion = 11.3.1;
					};
				};
			};
			buildConfigurationList = 939E53D5264700A500AB7C92 /* Build configuration list for PBXProject "El_Frasco_De_Galletas" */;
			compatibilityVersion = "Xcode 9.3";
			developmentRegion = en;
			hasScannedForEncodings = 0;
			knownRegions = (
				en,
				Base,
			);
			mainGroup = 939E53D1264700A500AB7C92;
			productRefGroup = 939E53DB264700A500AB7C92 /* Products */;
			projectDirPath = "";
			projectRoot = "";
			targets = (
				939E53D9264700A500AB7C92 /* El_Frasco_De_Galletas */,
			);
		};
/* End PBXProject section */

/* Begin PBXResourcesBuildPhase section */
		939E53D8264700A500AB7C92 /* Resources */ = {
			isa = PBXResourcesBuildPhase;
			buildActionMask = 2147483647;
			files = (
				939E53EA264700AA00AB7C92 /* LaunchScreen.storyboard in Resources */,
				939E53E7264700AA00AB7C92 /* Preview Assets.xcassets in Resources */,
				939E53E4264700AA00AB7C92 /* Assets.xcassets in Resources */,
			);
			runOnlyForDeploymentPostprocessing = 0;
		};
/* End PBXResourcesBuildPhase section */

/* Begin PBXSourcesBuildPhase section */
		939E53D6264700A500AB7C92 /* Sources */ = {
			isa = PBXSourcesBuildPhase;
			buildActionMask = 2147483647;
			files = (
				939E53DE264700A500AB7C92 /* AppDelegate.swift in Sources */,
				939E53E0264700A500AB7C92 /* SceneDelegate.swift in Sources */,
				939E53E2264700A500AB7C92 /* ContentView.swift in Sources */,
			);
			runOnlyForDeploymentPostprocessing = 0;
		};
/* End PBXSourcesBuildPhase section */

/* Begin PBXVariantGroup section */
		939E53E8264700AA00AB7C92 /* LaunchScreen.storyboard */ = {
			isa = PBXVariantGroup;
			children = (
				939E53E9264700AA00AB7C92 /* Base */,
			);
			name = LaunchScreen.storyboard;
			sourceTree = "<group>";
		};
/* End PBXVariantGroup section */

/* Begin XCBuildConfiguration section */
		939E53EC264700AA00AB7C92 /* Debug */ = {
			isa = XCBuildConfiguration;
			buildSettings = {
				ALWAYS_SEARCH_USER_PATHS = NO;
				CLANG_ANALYZER_NONNULL = YES;
				CLANG_ANALYZER_NUMBER_OBJECT_CONVERSION = YES_AGGRESSIVE;
				CLANG_CXX_LANGUAGE_STANDARD = "gnu++14";
				CLANG_CXX_LIBRARY = "libc++";
				CLANG_ENABLE_MODULES = YES;
				CLANG_ENABLE_OBJC_ARC = YES;
				CLANG_ENABLE_OBJC_WEAK = YES;
				CLANG_WARN_BLOCK_CAPTURE_AUTORELEASING = YES;
				CLANG_WARN_BOOL_CONVERSION = YES;
				CLANG_WARN_COMMA = YES;
				CLANG_WARN_CONSTANT_CONVERSION = YES;
				CLANG_WARN_DEPRECATED_OBJC_IMPLEMENTATIONS = YES;
				CLANG_WARN_DIRECT_OBJC_ISA_USAGE = YES_ERROR;
				CLANG_WARN_DOCUMENTATION_COMMENTS = YES;
				CLANG_WARN_EMPTY_BODY = YES;
				CLANG_WARN_ENUM_CONVERSION = YES;
				CLANG_WARN_INFINITE_RECURSION = YES;
				CLANG_WARN_INT_CONVERSION = YES;
				CLANG_WARN_NON_LITERAL_NULL_CONVERSION = YES;
				CLANG_WARN_OBJC_IMPLICIT_RETAIN_SELF = YES;
				CLANG_WARN_OBJC_LITERAL_CONVERSION = YES;
				CLANG_WARN_OBJC_ROOT_CLASS = YES_ERROR;
				CLANG_WARN_RANGE_LOOP_ANALYSIS = YES;
				CLANG_WARN_STRICT_PROTOTYPES = YES;
				CLANG_WARN_SUSPICIOUS_MOVE = YES;
				CLANG_WARN_UNGUARDED_AVAILABILITY = YES_AGGRESSIVE;
				CLANG_WARN_UNREACHABLE_CODE = YES;
				CLANG_WARN__DUPLICATE_METHOD_MATCH = YES;
				COPY_PHASE_STRIP = NO;
				DEBUG_INFORMATION_FORMAT = dwarf;
				ENABLE_STRICT_OBJC_MSGSEND = YES;
				ENABLE_TESTABILITY = YES;
				GCC_C_LANGUAGE_STANDARD = gnu11;
				GCC_DYNAMIC_NO_PIC = NO;
				GCC_NO_COMMON_BLOCKS = YES;
				GCC_OPTIMIZATION_LEVEL = 0;
				GCC_PREPROCESSOR_DEFINITIONS = (
					"DEBUG=1",
					"$(inherited)",
				);
				GCC_WARN_64_TO_32_BIT_CONVERSION = YES;
				GCC_WARN_ABOUT_RETURN_TYPE = YES_ERROR;
				GCC_WARN_UNDECLARED_SELECTOR = YES;
				GCC_WARN_UNINITIALIZED_AUTOS = YES_AGGRESSIVE;
				GCC_WARN_UNUSED_FUNCTION = YES;
				GCC_WARN_UNUSED_VARIABLE = YES;
				IPHONEOS_DEPLOYMENT_TARGET = 13.2;
				MTL_ENABLE_DEBUG_INFO = INCLUDE_SOURCE;
				MTL_FAST_MATH = YES;
				ONLY_ACTIVE_ARCH = YES;
				SDKROOT = iphoneos;
				SWIFT_ACTIVE_COMPILATION_CONDITIONS = DEBUG;
				SWIFT_OPTIMIZATION_LEVEL = "-Onone";
			};
			name = Debug;
		};
		939E53ED264700AA00AB7C92 /* Release */ = {
			isa = XCBuildConfiguration;
			buildSettings = {
				ALWAYS_SEARCH_USER_PATHS = NO;
				CLANG_ANALYZER_NONNULL = YES;
				CLANG_ANALYZER_NUMBER_OBJECT_CONVERSION = YES_AGGRESSIVE;
				CLANG_CXX_LANGUAGE_STANDARD = "gnu++14";
				CLANG_CXX_LIBRARY = "libc++";
				CLANG_ENABLE_MODULES = YES;
				CLANG_ENABLE_OBJC_ARC = YES;
				CLANG_ENABLE_OBJC_WEAK = YES;
				CLANG_WARN_BLOCK_CAPTURE_AUTORELEASING = YES;
				CLANG_WARN_BOOL_CONVERSION = YES;
				CLANG_WARN_COMMA = YES;
				CLANG_WARN_CONSTANT_CONVERSION = YES;
				CLANG_WARN_DEPRECATED_OBJC_IMPLEMENTATIONS = YES;
				CLANG_WARN_DIRECT_OBJC_ISA_USAGE = YES_ERROR;
				CLANG_WARN_DOCUMENTATION_COMMENTS = YES;
				CLANG_WARN_EMPTY_BODY = YES;
				CLANG_WARN_ENUM_CONVERSION = YES;
				CLANG_WARN_INFINITE_RECURSION = YES;
				CLANG_WARN_INT_CONVERSION = YES;
				CLANG_WARN_NON_LITERAL_NULL_CONVERSION = YES;
				CLANG_WARN_OBJC_IMPLICIT_RETAIN_SELF = YES;
				CLANG_WARN_OBJC_LITERAL_CONVERSION = YES;
				CLANG_WARN_OBJC_ROOT_CLASS = YES_ERROR;
				CLANG_WARN_RANGE_LOOP_ANALYSIS = YES;
				CLANG_WARN_STRICT_PROTOTYPES = YES;
				CLANG_WARN_SUSPICIOUS_MOVE = YES;
				CLANG_WARN_UNGUARDED_AVAILABILITY = YES_AGGRESSIVE;
				CLANG_WARN_UNREACHABLE_CODE = YES;
				CLANG_WARN__DUPLICATE_METHOD_MATCH = YES;
				COPY_PHASE_STRIP = NO;
				DEBUG_INFORMATION_FORMAT = "dwarf-with-dsym";
				ENABLE_NS_ASSERTIONS = NO;
				ENABLE_STRICT_OBJC_MSGSEND = YES;
				GCC_C_LANGUAGE_STANDARD = gnu11;
				GCC_NO_COMMON_BLOCKS = YES;
				GCC_WARN_64_TO_32_BIT_CONVERSION = YES;
				GCC_WARN_ABOUT_RETURN_TYPE = YES_ERROR;
				GCC_WARN_UNDECLARED_SELECTOR = YES;
				GCC_WARN_UNINITIALIZED_AUTOS = YES_AGGRESSIVE;
				GCC_WARN_UNUSED_FUNCTION = YES;
				GCC_WARN_UNUSED_VARIABLE = YES;
				IPHONEOS_DEPLOYMENT_TARGET = 13.2;
				MTL_ENABLE_DEBUG_INFO = NO;
				MTL_FAST_MATH = YES;
				SDKROOT = iphoneos;
				SWIFT_COMPILATION_MODE = wholemodule;
				SWIFT_OPTIMIZATION_LEVEL = "-O";
				VALIDATE_PRODUCT = YES;
			};
			name = Release;
		};
		939E53EF264700AA00AB7C92 /* Debug */ = {
			isa = XCBuildConfiguration;
			buildSettings = {
				ASSETCATALOG_COMPILER_APPICON_NAME = AppIcon;
				CODE_SIGN_STYLE = Automatic;
				DEVELOPMENT_ASSET_PATHS = "\"El_Frasco_De_Galletas/Preview Content\"";
				DEVELOPMENT_TEAM = Y577JHLUZV;
				ENABLE_PREVIEWS = YES;
				INFOPLIST_FILE = El_Frasco_De_Galletas/Info.plist;
				LD_RUNPATH_SEARCH_PATHS = (
					"$(inherited)",
					"@executable_path/Frameworks",
				);
				PRODUCT_BUNDLE_IDENTIFIER = "Tomas-de-Hoyos.El-Frasco-De-Galletas";
				PRODUCT_NAME = "$(TARGET_NAME)";
				SWIFT_VERSION = 5.0;
				TARGETED_DEVICE_FAMILY = "1,2";
			};
			name = Debug;
		};
		939E53F0264700AA00AB7C92 /* Release */ = {
			isa = XCBuildConfiguration;
			buildSettings = {
				ASSETCATALOG_COMPILER_APPICON_NAME = AppIcon;
				CODE_SIGN_STYLE = Automatic;
				DEVELOPMENT_ASSET_PATHS = "\"El_Frasco_De_Galletas/Preview Content\"";
				DEVELOPMENT_TEAM = Y577JHLUZV;
				ENABLE_PREVIEWS = YES;
				INFOPLIST_FILE = El_Frasco_De_Galletas/Info.plist;
				LD_RUNPATH_SEARCH_PATHS = (
					"$(inherited)",
					"@executable_path/Frameworks",
				);
				PRODUCT_BUNDLE_IDENTIFIER = "Tomas-de-Hoyos.El-Frasco-De-Galletas";
				PRODUCT_NAME = "$(TARGET_NAME)";
				SWIFT_VERSION = 5.0;
				TARGETED_DEVICE_FAMILY = "1,2";
			};
			name = Release;
		};
/* End XCBuildConfiguration section */

/* Begin XCConfigurationList section */
		939E53D5264700A500AB7C92 /* Build configuration list for PBXProject "El_Frasco_De_Galletas" */ = {
			isa = XCConfigurationList;
			buildConfigurations = (
				939E53EC264700AA00AB7C92 /* Debug */,
				939E53ED264700AA00AB7C92 /* Release */,
			);
			defaultConfigurationIsVisible = 0;
			defaultConfigurationName = Release;
		};
		939E53EE264700AA00AB7C92 /* Build configuration list for PBXNativeTarget "El_Frasco_De_Galletas" */ = {
			isa = XCConfigurationList;
			buildConfigurations = (
				939E53EF264700AA00AB7C92 /* Debug */,
				939E53F0264700AA00AB7C92 /* Release */,
			);
			defaultConfigurationIsVisible = 0;
			defaultConfigurationName = Release;
		};
/* End XCConfigurationList section */
	};
	rootObject = 939E53D2264700A500AB7C92 /* Project object */;
}
